
Microsoft Visual Studio Solution File, Format Version 12.00
# Visual Studio Version 17
VisualStudioVersion = 17.7.34031.279
MinimumVisualStudioVersion = 10.0.40219.1
Project("{FAE04EC0-301F-11D3-BF4B-00C04F79EFBC}") = "Delegate", "Delegate\Delegate.csproj", "{1299F220-24E3-437B-A024-954730E051BA}"
EndProject
Global
	GlobalSection(SolutionConfigurationPlatforms) = preSolution
		Debug|Any CPU = Debug|Any CPU
		Release|Any CPU = Release|Any CPU
	EndGlobalSection
	GlobalSection(ProjectConfigurationPlatforms) = postSolution
		{1299F220-24E3-437B-A024-954730E051BA}.Debug|Any CPU.ActiveCfg = Debug|Any CPU
		{1299F220-24E3-437B-A024-954730E051BA}.Debug|Any CPU.Build.0 = Debug|Any CPU
		{1299F220-24E3-437B-A024-954730E051BA}.Release|Any CPU.ActiveCfg = Release|Any CPU
		{1299F220-24E3-437B-A024-954730E051BA}.Release|Any CPU.Build.0 = Release|Any CPU
	EndGlobalSection
	GlobalSection(SolutionProperties) = preSolution
		HideSolutionNode = FALSE
	EndGlobalSection
	GlobalSection(ExtensibilityGlobals) = postSolution
		SolutionGuid = {66F92233-B116-4CBA-BA4E-2377230DC284}
	EndGlobalSection
EndGlobal
